
Microsoft Visual Studio Solution File, Format Version 12.00
# Visual Studio Version 16
VisualStudioVersion = 16.0.30907.101
MinimumVisualStudioVersion = 10.0.40219.1
Project("{FAE04EC0-301F-11D3-BF4B-00C04F79EFBC}") = "Application", "Application\Application.csproj", "{51119A60-C38D-46B6-82FB-7A1307984E74}"
EndProject
Project("{FAE04EC0-301F-11D3-BF4B-00C04F79EFBC}") = "Domain", "Domain\Domain.csproj", "{A9FE3AF3-606E-4601-A663-1FCDEE63889E}"
EndProject
Project("{FAE04EC0-301F-11D3-BF4B-00C04F79EFBC}") = "Data", "Data\Data.csproj", "{5FFD4142-E565-4FA8-8C78-8F3BA5400EE1}"
EndProject
Project("{FAE04EC0-301F-11D3-BF4B-00C04F79EFBC}") = "CrossCutting", "CrossCutting\CrossCutting.csproj", "{06C7F332-4E09-484C-88D2-9010A219ED0C}"
EndProject
Project("{FAE04EC0-301F-11D3-BF4B-00C04F79EFBC}") = "Services", "Services\Services.csproj", "{3360C1DE-0FD8-4ACE-88ED-926AFDF5E9CD}"
EndProject
Global
	GlobalSection(SolutionConfigurationPlatforms) = preSolution
		Debug|Any CPU = Debug|Any CPU
		Release|Any CPU = Release|Any CPU
	EndGlobalSection
	GlobalSection(ProjectConfigurationPlatforms) = postSolution
		{51119A60-C38D-46B6-82FB-7A1307984E74}.Debug|Any CPU.ActiveCfg = Debug|Any CPU
		{51119A60-C38D-46B6-82FB-7A1307984E74}.Debug|Any CPU.Build.0 = Debug|Any CPU
		{51119A60-C38D-46B6-82FB-7A1307984E74}.Release|Any CPU.ActiveCfg = Release|Any CPU
		{51119A60-C38D-46B6-82FB-7A1307984E74}.Release|Any CPU.Build.0 = Release|Any CPU
		{A9FE3AF3-606E-4601-A663-1FCDEE63889E}.Debug|Any CPU.ActiveCfg = Debug|Any CPU
		{A9FE3AF3-606E-4601-A663-1FCDEE63889E}.Debug|Any CPU.Build.0 = Debug|Any CPU
		{A9FE3AF3-606E-4601-A663-1FCDEE63889E}.Release|Any CPU.ActiveCfg = Release|Any CPU
		{A9FE3AF3-606E-4601-A663-1FCDEE63889E}.Release|Any CPU.Build.0 = Release|Any CPU
		{5FFD4142-E565-4FA8-8C78-8F3BA5400EE1}.Debug|Any CPU.ActiveCfg = Debug|Any CPU
		{5FFD4142-E565-4FA8-8C78-8F3BA5400EE1}.Debug|Any CPU.Build.0 = Debug|Any CPU
		{5FFD4142-E565-4FA8-8C78-8F3BA5400EE1}.Release|Any CPU.ActiveCfg = Release|Any CPU
		{5FFD4142-E565-4FA8-8C78-8F3BA5400EE1}.Release|Any CPU.Build.0 = Release|Any CPU
		{06C7F332-4E09-484C-88D2-9010A219ED0C}.Debug|Any CPU.ActiveCfg = Debug|Any CPU
		{06C7F332-4E09-484C-88D2-9010A219ED0C}.Debug|Any CPU.Build.0 = Debug|Any CPU
		{06C7F332-4E09-484C-88D2-9010A219ED0C}.Release|Any CPU.ActiveCfg = Release|Any CPU
		{06C7F332-4E09-484C-88D2-9010A219ED0C}.Release|Any CPU.Build.0 = Release|Any CPU
		{3360C1DE-0FD8-4ACE-88ED-926AFDF5E9CD}.Debug|Any CPU.ActiveCfg = Debug|Any CPU
		{3360C1DE-0FD8-4ACE-88ED-926AFDF5E9CD}.Debug|Any CPU.Build.0 = Debug|Any CPU
		{3360C1DE-0FD8-4ACE-88ED-926AFDF5E9CD}.Release|Any CPU.ActiveCfg = Release|Any CPU
		{3360C1DE-0FD8-4ACE-88ED-926AFDF5E9CD}.Release|Any CPU.Build.0 = Release|Any CPU
	EndGlobalSection
	GlobalSection(SolutionProperties) = preSolution
		HideSolutionNode = FALSE
	EndGlobalSection
	GlobalSection(ExtensibilityGlobals) = postSolution
		SolutionGuid = {B6D3DCF8-8760-4D33-92AD-9F0B5E17022C}
	EndGlobalSection
EndGlobal
